
Microsoft Visual Studio Solution File, Format Version 12.00
# Visual Studio Version 16
VisualStudioVersion = 16.0.31321.278
MinimumVisualStudioVersion = 10.0.40219.1
Project("{FAE04EC0-301F-11D3-BF4B-00C04F79EFBC}") = "WebApplication6", "WebApplication6\WebApplication6.csproj", "{BE3941C2-B3A6-4329-9A82-6EA88BBEC781}"
EndProject
Global
	GlobalSection(SolutionConfigurationPlatforms) = preSolution
		Debug|Any CPU = Debug|Any CPU
		Release|Any CPU = Release|Any CPU
	EndGlobalSection
	GlobalSection(ProjectConfigurationPlatforms) = postSolution
		{BE3941C2-B3A6-4329-9A82-6EA88BBEC781}.Debug|Any CPU.ActiveCfg = Debug|Any CPU
		{BE3941C2-B3A6-4329-9A82-6EA88BBEC781}.Debug|Any CPU.Build.0 = Debug|Any CPU
		{BE3941C2-B3A6-4329-9A82-6EA88BBEC781}.Release|Any CPU.ActiveCfg = Release|Any CPU
		{BE3941C2-B3A6-4329-9A82-6EA88BBEC781}.Release|Any CPU.Build.0 = Release|Any CPU
	EndGlobalSection
	GlobalSection(SolutionProperties) = preSolution
		HideSolutionNode = FALSE
	EndGlobalSection
	GlobalSection(ExtensibilityGlobals) = postSolution
		SolutionGuid = {2F095199-A08A-4F62-B116-F9B599A0B13E}
	EndGlobalSection
EndGlobal
